
Microsoft Visual Studio Solution File, Format Version 12.00
# Visual Studio 15
Project("{FAE04EC0-301F-11D3-BF4B-00C04F79EFBC}") = "Meta.WitAi.Conduit", "Meta.WitAi.Conduit.csproj", "{74C9C4BB-5929-12D5-C2DE-AE30519A3B43}"
EndProject
Project("{FAE04EC0-301F-11D3-BF4B-00C04F79EFBC}") = "Oculus.VR", "Oculus.VR.csproj", "{83191906-2BFE-9D89-1E56-080FFF7E424A}"
EndProject
Project("{FAE04EC0-301F-11D3-BF4B-00C04F79EFBC}") = "Oculus.Interaction", "Oculus.Interaction.csproj", "{228D8C76-18E9-9BFA-E849-418F12AD3DE1}"
EndProject
Project("{FAE04EC0-301F-11D3-BF4B-00C04F79EFBC}") = "Oculus.Interaction.Editor", "Oculus.Interaction.Editor.csproj", "{43248810-45EE-7B5B-649B-FC4DFA257B3C}"
EndProject
Project("{FAE04EC0-301F-11D3-BF4B-00C04F79EFBC}") = "Oculus.Platform", "Oculus.Platform.csproj", "{95DF038E-1C73-8163-0DFF-A7632EB2F194}"
EndProject
Project("{FAE04EC0-301F-11D3-BF4B-00C04F79EFBC}") = "VoiceSDK.Telemetry", "VoiceSDK.Telemetry.csproj", "{E455C557-221E-56D1-27A4-E74B928A492A}"
EndProject
Project("{FAE04EC0-301F-11D3-BF4B-00C04F79EFBC}") = "Assembly-CSharp", "Assembly-CSharp.csproj", "{BA26CA3B-75F2-7777-24A4-114D68A6EF90}"
EndProject
Project("{FAE04EC0-301F-11D3-BF4B-00C04F79EFBC}") = "Oculus.Interaction.OVR.Samples", "Oculus.Interaction.OVR.Samples.csproj", "{A0859158-B883-37DE-ECC8-82E4F407D0E0}"
EndProject
Project("{FAE04EC0-301F-11D3-BF4B-00C04F79EFBC}") = "Meta.WitAi.Lib", "Meta.WitAi.Lib.csproj", "{1015FA8D-1F90-BB14-CB91-D0E11FE70D1F}"
EndProject
Project("{FAE04EC0-301F-11D3-BF4B-00C04F79EFBC}") = "Meta.WitAi.Editor", "Meta.WitAi.Editor.csproj", "{0106721B-634B-2D4B-C78D-9CFF8FFCE3E1}"
EndProject
Project("{FAE04EC0-301F-11D3-BF4B-00C04F79EFBC}") = "Meta.WitAi.Conduit.Editor", "Meta.WitAi.Conduit.Editor.csproj", "{B007A80C-0E6C-CC78-EFF3-0D4D94FA2368}"
EndProject
Project("{FAE04EC0-301F-11D3-BF4B-00C04F79EFBC}") = "Meta.WitAi", "Meta.WitAi.csproj", "{7C4CD3B4-9528-85EB-3ADE-8DFB120E25F8}"
EndProject
Project("{FAE04EC0-301F-11D3-BF4B-00C04F79EFBC}") = "Oculus.VR.Editor", "Oculus.VR.Editor.csproj", "{8DF0C161-22D7-8F4A-CD7D-8C1B0E82572E}"
EndProject
Project("{FAE04EC0-301F-11D3-BF4B-00C04F79EFBC}") = "Oculus.Interaction.OVR.Editor", "Oculus.Interaction.OVR.Editor.csproj", "{6019D16E-C200-CC7F-DAE6-9674171DA2B1}"
EndProject
Project("{FAE04EC0-301F-11D3-BF4B-00C04F79EFBC}") = "Oculus.LipSync", "Oculus.LipSync.csproj", "{FE26204F-23FC-8DE0-4F1C-DABBF345AAAD}"
EndProject
Project("{FAE04EC0-301F-11D3-BF4B-00C04F79EFBC}") = "UnityChan", "UnityChan.csproj", "{51B78BE8-EEAC-3E81-585F-26AEA855E775}"
EndProject
Project("{FAE04EC0-301F-11D3-BF4B-00C04F79EFBC}") = "Oculus.Interaction.OVR", "Oculus.Interaction.OVR.csproj", "{7C746C91-A9CF-0FBA-5F0D-A3BC26629B24}"
EndProject
Project("{FAE04EC0-301F-11D3-BF4B-00C04F79EFBC}") = "VoiceSDK.Editor", "VoiceSDK.Editor.csproj", "{48B2FB49-3EF5-BBB7-6D1D-498DB12DD90E}"
EndProject
Project("{FAE04EC0-301F-11D3-BF4B-00C04F79EFBC}") = "Meta.WitAI.Lib.Editor", "Meta.WitAI.Lib.Editor.csproj", "{389C10F9-D6D4-ACD9-7264-45612FA7A834}"
EndProject
Project("{FAE04EC0-301F-11D3-BF4B-00C04F79EFBC}") = "uLipSync.Samples.VRM.Runtime", "uLipSync.Samples.VRM.Runtime.csproj", "{FF8D518B-3CEA-7F3D-E868-03364AC0243F}"
EndProject
Project("{FAE04EC0-301F-11D3-BF4B-00C04F79EFBC}") = "Oculus.AudioManager", "Oculus.AudioManager.csproj", "{DDE61258-F99C-7E45-5C03-6E326BDDBAB2}"
EndProject
Project("{FAE04EC0-301F-11D3-BF4B-00C04F79EFBC}") = "Meta.Voice.Samples.BuiltInTimer", "Meta.Voice.Samples.BuiltInTimer.csproj", "{17C603FE-2A8C-DD18-7769-5F6C0C93A251}"
EndProject
Project("{FAE04EC0-301F-11D3-BF4B-00C04F79EFBC}") = "uLipSync.Samples.Common", "uLipSync.Samples.Common.csproj", "{AEAA7A2A-29F5-1333-40BF-C265C5518B4D}"
EndProject
Project("{FAE04EC0-301F-11D3-BF4B-00C04F79EFBC}") = "Meta.XR.BuildingBlocks.Editor", "Meta.XR.BuildingBlocks.Editor.csproj", "{A747787A-9A60-DA1B-846B-1F36EFB98245}"
EndProject
Project("{FAE04EC0-301F-11D3-BF4B-00C04F79EFBC}") = "Meta.Voice.VSDKHub.Editor", "Meta.Voice.VSDKHub.Editor.csproj", "{10AB811A-1B57-3B1B-8BFE-86562932C11A}"
EndProject
Project("{FAE04EC0-301F-11D3-BF4B-00C04F79EFBC}") = "VoiceSDK.Dictation.Runtime", "VoiceSDK.Dictation.Runtime.csproj", "{A1CF1D45-7075-89E5-0F97-B7B79E4D1CD4}"
EndProject
Project("{FAE04EC0-301F-11D3-BF4B-00C04F79EFBC}") = "Meta.WitAi.TTS", "Meta.WitAi.TTS.csproj", "{18EE938D-F4B2-C652-656A-E358F171B8DE}"
EndProject
Project("{FAE04EC0-301F-11D3-BF4B-00C04F79EFBC}") = "AssistantCoreSDKRuntime", "AssistantCoreSDKRuntime.csproj", "{6750FD53-71DC-7113-10A1-684F1ADC52F8}"
EndProject
Project("{FAE04EC0-301F-11D3-BF4B-00C04F79EFBC}") = "Assembly-CSharp-Editor", "Assembly-CSharp-Editor.csproj", "{CC1AC206-DDFA-5A28-A081-E900B35692E6}"
EndProject
Project("{FAE04EC0-301F-11D3-BF4B-00C04F79EFBC}") = "Meta.Voice.Samples.TTSVoices", "Meta.Voice.Samples.TTSVoices.csproj", "{9271B017-EE33-DEB1-A5A6-D1222FC7C2E1}"
EndProject
Project("{FAE04EC0-301F-11D3-BF4B-00C04F79EFBC}") = "VoiceSDK.Runtime", "VoiceSDK.Runtime.csproj", "{542A3E8D-DBF7-9664-1804-EAE94B94288D}"
EndProject
Project("{FAE04EC0-301F-11D3-BF4B-00C04F79EFBC}") = "Oculus.VR.Scripts.Editor", "Oculus.VR.Scripts.Editor.csproj", "{66E1ABB9-BFEA-51AE-8CEF-3AFCB0528B30}"
EndProject
Project("{FAE04EC0-301F-11D3-BF4B-00C04F79EFBC}") = "Meta.Voice.Samples.LightTraits", "Meta.Voice.Samples.LightTraits.csproj", "{765A9B85-AFF6-89BA-60E1-028F8322E24D}"
EndProject
Project("{FAE04EC0-301F-11D3-BF4B-00C04F79EFBC}") = "Meta.Voice.Hub.Editor", "Meta.Voice.Hub.Editor.csproj", "{687194A0-B895-E5BA-5910-0A5D3FB6EC91}"
EndProject
Project("{FAE04EC0-301F-11D3-BF4B-00C04F79EFBC}") = "Oculus.Interaction.Samples.Editor", "Oculus.Interaction.Samples.Editor.csproj", "{E54EFE35-AAF6-B9C5-6040-8E01E5FE59C9}"
EndProject
Project("{FAE04EC0-301F-11D3-BF4B-00C04F79EFBC}") = "Meta.WitAi.TTS.Editor", "Meta.WitAi.TTS.Editor.csproj", "{AD29C8E6-0E3E-9C91-7362-06C5F828113B}"
EndProject
Project("{FAE04EC0-301F-11D3-BF4B-00C04F79EFBC}") = "Meta.XR.BuildingBlocks", "Meta.XR.BuildingBlocks.csproj", "{835A788D-04C0-CC19-2D40-AEBA29DFAC06}"
EndProject
Project("{FAE04EC0-301F-11D3-BF4B-00C04F79EFBC}") = "Oculus.Platform.Editor", "Oculus.Platform.Editor.csproj", "{098AF226-D6B5-370D-791C-42E4D2063519}"
EndProject
Project("{FAE04EC0-301F-11D3-BF4B-00C04F79EFBC}") = "Facebook.Wit.Dictation", "Facebook.Wit.Dictation.csproj", "{18BE48C1-DB6D-1F4F-5A11-1C9E304D1F44}"
EndProject
Project("{FAE04EC0-301F-11D3-BF4B-00C04F79EFBC}") = "Oculus.Spatializer.Editor", "Oculus.Spatializer.Editor.csproj", "{B6420D30-9025-388E-C1AC-28A94F57222E}"
EndProject
Project("{FAE04EC0-301F-11D3-BF4B-00C04F79EFBC}") = "Oculus.LipSync.Editor", "Oculus.LipSync.Editor.csproj", "{97B4903A-BCCA-229B-372E-CAF3B32AA27B}"
EndProject
Project("{FAE04EC0-301F-11D3-BF4B-00C04F79EFBC}") = "Oculus.AudioManager.Utils.Editor", "Oculus.AudioManager.Utils.Editor.csproj", "{A19CF03A-E5AD-CC4D-6C79-B52837F6ECAD}"
EndProject
Project("{FAE04EC0-301F-11D3-BF4B-00C04F79EFBC}") = "Meta.VoiceSDK.Mic.Common", "Meta.VoiceSDK.Mic.Common.csproj", "{83D23EC3-2791-32DF-2CF1-E6849B143CB9}"
EndProject
Project("{FAE04EC0-301F-11D3-BF4B-00C04F79EFBC}") = "Meta.Voice.Samples.ShapesConduit", "Meta.Voice.Samples.ShapesConduit.csproj", "{71940C6E-BDDF-A395-E536-7037EF7AC2F0}"
EndProject
Project("{FAE04EC0-301F-11D3-BF4B-00C04F79EFBC}") = "Oculus.Spatializer", "Oculus.Spatializer.csproj", "{87BDB506-D7D7-52D9-42C0-07D266966AA5}"
EndProject
Project("{FAE04EC0-301F-11D3-BF4B-00C04F79EFBC}") = "Meta.VoiceSDK.Mic.Other", "Meta.VoiceSDK.Mic.Other.csproj", "{68A7790D-68B0-FE41-C364-F4B7AAEF44CA}"
EndProject
Project("{FAE04EC0-301F-11D3-BF4B-00C04F79EFBC}") = "Oculus.Interaction.InterfaceSupport", "Oculus.Interaction.InterfaceSupport.csproj", "{AC641F15-A223-B44F-AC27-5099CC7DADEE}"
EndProject
Project("{FAE04EC0-301F-11D3-BF4B-00C04F79EFBC}") = "Oculus.AudioManager.Audio.Editor", "Oculus.AudioManager.Audio.Editor.csproj", "{27A24F62-3351-B11E-2053-04B52BE4D87A}"
EndProject
Project("{FAE04EC0-301F-11D3-BF4B-00C04F79EFBC}") = "Meta.Voice.Samples.LiveUnderstanding", "Meta.Voice.Samples.LiveUnderstanding.csproj", "{7AC0BFBD-FA58-4D0C-DB9E-AD0747A3DD1D}"
EndProject
Project("{FAE04EC0-301F-11D3-BF4B-00C04F79EFBC}") = "VoiceSDK.Dictation.Editor", "VoiceSDK.Dictation.Editor.csproj", "{D7BF00BD-B66B-B33F-50CB-472C5EDC7B18}"
EndProject
Project("{FAE04EC0-301F-11D3-BF4B-00C04F79EFBC}") = "AssistantCoreSDKEditor", "AssistantCoreSDKEditor.csproj", "{A2FA2137-8DE2-BF61-31E1-562F52D7AAFA}"
EndProject
Project("{FAE04EC0-301F-11D3-BF4B-00C04F79EFBC}") = "Meta.VoiceSDK.Mic.WebGL", "Meta.VoiceSDK.Mic.WebGL.csproj", "{EB0AE519-00EA-E7C9-3289-5A0932856887}"
EndProject
Project("{FAE04EC0-301F-11D3-BF4B-00C04F79EFBC}") = "Meta.Voice.Hub.Runtime", "Meta.Voice.Hub.Runtime.csproj", "{6962FCE2-F8D7-AB9B-8A2A-6D524F3F75BA}"
EndProject
Project("{FAE04EC0-301F-11D3-BF4B-00C04F79EFBC}") = "Meta.Voice.Samples.Chess", "Meta.Voice.Samples.Chess.csproj", "{C5A1144E-1531-32FC-E011-31F2E027A293}"
EndProject
Project("{FAE04EC0-301F-11D3-BF4B-00C04F79EFBC}") = "uLipSync.Samples.VRM.Editor", "uLipSync.Samples.VRM.Editor.csproj", "{F1E08CB5-439A-429F-F6EB-D621DF5914AB}"
EndProject
Project("{FAE04EC0-301F-11D3-BF4B-00C04F79EFBC}") = "Meta.Voice.Samples.Dictation", "Meta.Voice.Samples.Dictation.csproj", "{20A9B0AF-34D3-10F9-B7AB-DBB582811F7F}"
EndProject
Project("{FAE04EC0-301F-11D3-BF4B-00C04F79EFBC}") = "Meta.Voice.Samples.Shapes", "Meta.Voice.Samples.Shapes.csproj", "{DDF60548-BAB6-101F-01DC-116F05FF4959}"
EndProject
Project("{FAE04EC0-301F-11D3-BF4B-00C04F79EFBC}") = "Facebook.Wit.Dictation.Editor", "Facebook.Wit.Dictation.Editor.csproj", "{6AEED868-7A7F-B9E9-4CEA-FFE5159D4E30}"
EndProject
Global
	GlobalSection(SolutionConfigurationPlatforms) = preSolution
		Debug|Any CPU = Debug|Any CPU
		Release|Any CPU = Release|Any CPU
	EndGlobalSection
	GlobalSection(ProjectConfigurationPlatforms) = postSolution
		{74C9C4BB-5929-12D5-C2DE-AE30519A3B43}.Debug|Any CPU.ActiveCfg = Debug|Any CPU
		{74C9C4BB-5929-12D5-C2DE-AE30519A3B43}.Debug|Any CPU.Build.0 = Debug|Any CPU
		{74C9C4BB-5929-12D5-C2DE-AE30519A3B43}.Release|Any CPU.ActiveCfg = Release|Any CPU
		{74C9C4BB-5929-12D5-C2DE-AE30519A3B43}.Release|Any CPU.Build.0 = Release|Any CPU
		{83191906-2BFE-9D89-1E56-080FFF7E424A}.Debug|Any CPU.ActiveCfg = Debug|Any CPU
		{83191906-2BFE-9D89-1E56-080FFF7E424A}.Debug|Any CPU.Build.0 = Debug|Any CPU
		{83191906-2BFE-9D89-1E56-080FFF7E424A}.Release|Any CPU.ActiveCfg = Release|Any CPU
		{83191906-2BFE-9D89-1E56-080FFF7E424A}.Release|Any CPU.Build.0 = Release|Any CPU
		{228D8C76-18E9-9BFA-E849-418F12AD3DE1}.Debug|Any CPU.ActiveCfg = Debug|Any CPU
		{228D8C76-18E9-9BFA-E849-418F12AD3DE1}.Debug|Any CPU.Build.0 = Debug|Any CPU
		{228D8C76-18E9-9BFA-E849-418F12AD3DE1}.Release|Any CPU.ActiveCfg = Release|Any CPU
		{228D8C76-18E9-9BFA-E849-418F12AD3DE1}.Release|Any CPU.Build.0 = Release|Any CPU
		{43248810-45EE-7B5B-649B-FC4DFA257B3C}.Debug|Any CPU.ActiveCfg = Debug|Any CPU
		{43248810-45EE-7B5B-649B-FC4DFA257B3C}.Debug|Any CPU.Build.0 = Debug|Any CPU
		{43248810-45EE-7B5B-649B-FC4DFA257B3C}.Release|Any CPU.ActiveCfg = Release|Any CPU
		{43248810-45EE-7B5B-649B-FC4DFA257B3C}.Release|Any CPU.Build.0 = Release|Any CPU
		{95DF038E-1C73-8163-0DFF-A7632EB2F194}.Debug|Any CPU.ActiveCfg = Debug|Any CPU
		{95DF038E-1C73-8163-0DFF-A7632EB2F194}.Debug|Any CPU.Build.0 = Debug|Any CPU
		{95DF038E-1C73-8163-0DFF-A7632EB2F194}.Release|Any CPU.ActiveCfg = Release|Any CPU
		{95DF038E-1C73-8163-0DFF-A7632EB2F194}.Release|Any CPU.Build.0 = Release|Any CPU
		{E455C557-221E-56D1-27A4-E74B928A492A}.Debug|Any CPU.ActiveCfg = Debug|Any CPU
		{E455C557-221E-56D1-27A4-E74B928A492A}.Debug|Any CPU.Build.0 = Debug|Any CPU
		{E455C557-221E-56D1-27A4-E74B928A492A}.Release|Any CPU.ActiveCfg = Release|Any CPU
		{E455C557-221E-56D1-27A4-E74B928A492A}.Release|Any CPU.Build.0 = Release|Any CPU
		{BA26CA3B-75F2-7777-24A4-114D68A6EF90}.Debug|Any CPU.ActiveCfg = Debug|Any CPU
		{BA26CA3B-75F2-7777-24A4-114D68A6EF90}.Debug|Any CPU.Build.0 = Debug|Any CPU
		{BA26CA3B-75F2-7777-24A4-114D68A6EF90}.Release|Any CPU.ActiveCfg = Release|Any CPU
		{BA26CA3B-75F2-7777-24A4-114D68A6EF90}.Release|Any CPU.Build.0 = Release|Any CPU
		{A0859158-B883-37DE-ECC8-82E4F407D0E0}.Debug|Any CPU.ActiveCfg = Debug|Any CPU
		{A0859158-B883-37DE-ECC8-82E4F407D0E0}.Debug|Any CPU.Build.0 = Debug|Any CPU
		{A0859158-B883-37DE-ECC8-82E4F407D0E0}.Release|Any CPU.ActiveCfg = Release|Any CPU
		{A0859158-B883-37DE-ECC8-82E4F407D0E0}.Release|Any CPU.Build.0 = Release|Any CPU
		{1015FA8D-1F90-BB14-CB91-D0E11FE70D1F}.Debug|Any CPU.ActiveCfg = Debug|Any CPU
		{1015FA8D-1F90-BB14-CB91-D0E11FE70D1F}.Debug|Any CPU.Build.0 = Debug|Any CPU
		{1015FA8D-1F90-BB14-CB91-D0E11FE70D1F}.Release|Any CPU.ActiveCfg = Release|Any CPU
		{1015FA8D-1F90-BB14-CB91-D0E11FE70D1F}.Release|Any CPU.Build.0 = Release|Any CPU
		{0106721B-634B-2D4B-C78D-9CFF8FFCE3E1}.Debug|Any CPU.ActiveCfg = Debug|Any CPU
		{0106721B-634B-2D4B-C78D-9CFF8FFCE3E1}.Debug|Any CPU.Build.0 = Debug|Any CPU
		{0106721B-634B-2D4B-C78D-9CFF8FFCE3E1}.Release|Any CPU.ActiveCfg = Release|Any CPU
		{0106721B-634B-2D4B-C78D-9CFF8FFCE3E1}.Release|Any CPU.Build.0 = Release|Any CPU
		{B007A80C-0E6C-CC78-EFF3-0D4D94FA2368}.Debug|Any CPU.ActiveCfg = Debug|Any CPU
		{B007A80C-0E6C-CC78-EFF3-0D4D94FA2368}.Debug|Any CPU.Build.0 = Debug|Any CPU
		{B007A80C-0E6C-CC78-EFF3-0D4D94FA2368}.Release|Any CPU.ActiveCfg = Release|Any CPU
		{B007A80C-0E6C-CC78-EFF3-0D4D94FA2368}.Release|Any CPU.Build.0 = Release|Any CPU
		{7C4CD3B4-9528-85EB-3ADE-8DFB120E25F8}.Debug|Any CPU.ActiveCfg = Debug|Any CPU
		{7C4CD3B4-9528-85EB-3ADE-8DFB120E25F8}.Debug|Any CPU.Build.0 = Debug|Any CPU
		{7C4CD3B4-9528-85EB-3ADE-8DFB120E25F8}.Release|Any CPU.ActiveCfg = Release|Any CPU
		{7C4CD3B4-9528-85EB-3ADE-8DFB120E25F8}.Release|Any CPU.Build.0 = Release|Any CPU
		{8DF0C161-22D7-8F4A-CD7D-8C1B0E82572E}.Debug|Any CPU.ActiveCfg = Debug|Any CPU
		{8DF0C161-22D7-8F4A-CD7D-8C1B0E82572E}.Debug|Any CPU.Build.0 = Debug|Any CPU
		{8DF0C161-22D7-8F4A-CD7D-8C1B0E82572E}.Release|Any CPU.ActiveCfg = Release|Any CPU
		{8DF0C161-22D7-8F4A-CD7D-8C1B0E82572E}.Release|Any CPU.Build.0 = Release|Any CPU
		{6019D16E-C200-CC7F-DAE6-9674171DA2B1}.Debug|Any CPU.ActiveCfg = Debug|Any CPU
		{6019D16E-C200-CC7F-DAE6-9674171DA2B1}.Debug|Any CPU.Build.0 = Debug|Any CPU
		{6019D16E-C200-CC7F-DAE6-9674171DA2B1}.Release|Any CPU.ActiveCfg = Release|Any CPU
		{6019D16E-C200-CC7F-DAE6-9674171DA2B1}.Release|Any CPU.Build.0 = Release|Any CPU
		{FE26204F-23FC-8DE0-4F1C-DABBF345AAAD}.Debug|Any CPU.ActiveCfg = Debug|Any CPU
		{FE26204F-23FC-8DE0-4F1C-DABBF345AAAD}.Debug|Any CPU.Build.0 = Debug|Any CPU
		{FE26204F-23FC-8DE0-4F1C-DABBF345AAAD}.Release|Any CPU.ActiveCfg = Release|Any CPU
		{FE26204F-23FC-8DE0-4F1C-DABBF345AAAD}.Release|Any CPU.Build.0 = Release|Any CPU
		{51B78BE8-EEAC-3E81-585F-26AEA855E775}.Debug|Any CPU.ActiveCfg = Debug|Any CPU
		{51B78BE8-EEAC-3E81-585F-26AEA855E775}.Debug|Any CPU.Build.0 = Debug|Any CPU
		{51B78BE8-EEAC-3E81-585F-26AEA855E775}.Release|Any CPU.ActiveCfg = Release|Any CPU
		{51B78BE8-EEAC-3E81-585F-26AEA855E775}.Release|Any CPU.Build.0 = Release|Any CPU
		{7C746C91-A9CF-0FBA-5F0D-A3BC26629B24}.Debug|Any CPU.ActiveCfg = Debug|Any CPU
		{7C746C91-A9CF-0FBA-5F0D-A3BC26629B24}.Debug|Any CPU.Build.0 = Debug|Any CPU
		{7C746C91-A9CF-0FBA-5F0D-A3BC26629B24}.Release|Any CPU.ActiveCfg = Release|Any CPU
		{7C746C91-A9CF-0FBA-5F0D-A3BC26629B24}.Release|Any CPU.Build.0 = Release|Any CPU
		{48B2FB49-3EF5-BBB7-6D1D-498DB12DD90E}.Debug|Any CPU.ActiveCfg = Debug|Any CPU
		{48B2FB49-3EF5-BBB7-6D1D-498DB12DD90E}.Debug|Any CPU.Build.0 = Debug|Any CPU
		{48B2FB49-3EF5-BBB7-6D1D-498DB12DD90E}.Release|Any CPU.ActiveCfg = Release|Any CPU
		{48B2FB49-3EF5-BBB7-6D1D-498DB12DD90E}.Release|Any CPU.Build.0 = Release|Any CPU
		{389C10F9-D6D4-ACD9-7264-45612FA7A834}.Debug|Any CPU.ActiveCfg = Debug|Any CPU
		{389C10F9-D6D4-ACD9-7264-45612FA7A834}.Debug|Any CPU.Build.0 = Debug|Any CPU
		{389C10F9-D6D4-ACD9-7264-45612FA7A834}.Release|Any CPU.ActiveCfg = Release|Any CPU
		{389C10F9-D6D4-ACD9-7264-45612FA7A834}.Release|Any CPU.Build.0 = Release|Any CPU
		{FF8D518B-3CEA-7F3D-E868-03364AC0243F}.Debug|Any CPU.ActiveCfg = Debug|Any CPU
		{FF8D518B-3CEA-7F3D-E868-03364AC0243F}.Debug|Any CPU.Build.0 = Debug|Any CPU
		{FF8D518B-3CEA-7F3D-E868-03364AC0243F}.Release|Any CPU.ActiveCfg = Release|Any CPU
		{FF8D518B-3CEA-7F3D-E868-03364AC0243F}.Release|Any CPU.Build.0 = Release|Any CPU
		{DDE61258-F99C-7E45-5C03-6E326BDDBAB2}.Debug|Any CPU.ActiveCfg = Debug|Any CPU
		{DDE61258-F99C-7E45-5C03-6E326BDDBAB2}.Debug|Any CPU.Build.0 = Debug|Any CPU
		{DDE61258-F99C-7E45-5C03-6E326BDDBAB2}.Release|Any CPU.ActiveCfg = Release|Any CPU
		{DDE61258-F99C-7E45-5C03-6E326BDDBAB2}.Release|Any CPU.Build.0 = Release|Any CPU
		{17C603FE-2A8C-DD18-7769-5F6C0C93A251}.Debug|Any CPU.ActiveCfg = Debug|Any CPU
		{17C603FE-2A8C-DD18-7769-5F6C0C93A251}.Debug|Any CPU.Build.0 = Debug|Any CPU
		{17C603FE-2A8C-DD18-7769-5F6C0C93A251}.Release|Any CPU.ActiveCfg = Release|Any CPU
		{17C603FE-2A8C-DD18-7769-5F6C0C93A251}.Release|Any CPU.Build.0 = Release|Any CPU
		{AEAA7A2A-29F5-1333-40BF-C265C5518B4D}.Debug|Any CPU.ActiveCfg = Debug|Any CPU
		{AEAA7A2A-29F5-1333-40BF-C265C5518B4D}.Debug|Any CPU.Build.0 = Debug|Any CPU
		{AEAA7A2A-29F5-1333-40BF-C265C5518B4D}.Release|Any CPU.ActiveCfg = Release|Any CPU
		{AEAA7A2A-29F5-1333-40BF-C265C5518B4D}.Release|Any CPU.Build.0 = Release|Any CPU
		{A747787A-9A60-DA1B-846B-1F36EFB98245}.Debug|Any CPU.ActiveCfg = Debug|Any CPU
		{A747787A-9A60-DA1B-846B-1F36EFB98245}.Debug|Any CPU.Build.0 = Debug|Any CPU
		{A747787A-9A60-DA1B-846B-1F36EFB98245}.Release|Any CPU.ActiveCfg = Release|Any CPU
		{A747787A-9A60-DA1B-846B-1F36EFB98245}.Release|Any CPU.Build.0 = Release|Any CPU
		{10AB811A-1B57-3B1B-8BFE-86562932C11A}.Debug|Any CPU.ActiveCfg = Debug|Any CPU
		{10AB811A-1B57-3B1B-8BFE-86562932C11A}.Debug|Any CPU.Build.0 = Debug|Any CPU
		{10AB811A-1B57-3B1B-8BFE-86562932C11A}.Release|Any CPU.ActiveCfg = Release|Any CPU
		{10AB811A-1B57-3B1B-8BFE-86562932C11A}.Release|Any CPU.Build.0 = Release|Any CPU
		{A1CF1D45-7075-89E5-0F97-B7B79E4D1CD4}.Debug|Any CPU.ActiveCfg = Debug|Any CPU
		{A1CF1D45-7075-89E5-0F97-B7B79E4D1CD4}.Debug|Any CPU.Build.0 = Debug|Any CPU
		{A1CF1D45-7075-89E5-0F97-B7B79E4D1CD4}.Release|Any CPU.ActiveCfg = Release|Any CPU
		{A1CF1D45-7075-89E5-0F97-B7B79E4D1CD4}.Release|Any CPU.Build.0 = Release|Any CPU
		{18EE938D-F4B2-C652-656A-E358F171B8DE}.Debug|Any CPU.ActiveCfg = Debug|Any CPU
		{18EE938D-F4B2-C652-656A-E358F171B8DE}.Debug|Any CPU.Build.0 = Debug|Any CPU
		{18EE938D-F4B2-C652-656A-E358F171B8DE}.Release|Any CPU.ActiveCfg = Release|Any CPU
		{18EE938D-F4B2-C652-656A-E358F171B8DE}.Release|Any CPU.Build.0 = Release|Any CPU
		{6750FD53-71DC-7113-10A1-684F1ADC52F8}.Debug|Any CPU.ActiveCfg = Debug|Any CPU
		{6750FD53-71DC-7113-10A1-684F1ADC52F8}.Debug|Any CPU.Build.0 = Debug|Any CPU
		{6750FD53-71DC-7113-10A1-684F1ADC52F8}.Release|Any CPU.ActiveCfg = Release|Any CPU
		{6750FD53-71DC-7113-10A1-684F1ADC52F8}.Release|Any CPU.Build.0 = Release|Any CPU
		{CC1AC206-DDFA-5A28-A081-E900B35692E6}.Debug|Any CPU.ActiveCfg = Debug|Any CPU
		{CC1AC206-DDFA-5A28-A081-E900B35692E6}.Debug|Any CPU.Build.0 = Debug|Any CPU
		{CC1AC206-DDFA-5A28-A081-E900B35692E6}.Release|Any CPU.ActiveCfg = Release|Any CPU
		{CC1AC206-DDFA-5A28-A081-E900B35692E6}.Release|Any CPU.Build.0 = Release|Any CPU
		{9271B017-EE33-DEB1-A5A6-D1222FC7C2E1}.Debug|Any CPU.ActiveCfg = Debug|Any CPU
		{9271B017-EE33-DEB1-A5A6-D1222FC7C2E1}.Debug|Any CPU.Build.0 = Debug|Any CPU
		{9271B017-EE33-DEB1-A5A6-D1222FC7C2E1}.Release|Any CPU.ActiveCfg = Release|Any CPU
		{9271B017-EE33-DEB1-A5A6-D1222FC7C2E1}.Release|Any CPU.Build.0 = Release|Any CPU
		{542A3E8D-DBF7-9664-1804-EAE94B94288D}.Debug|Any CPU.ActiveCfg = Debug|Any CPU
		{542A3E8D-DBF7-9664-1804-EAE94B94288D}.Debug|Any CPU.Build.0 = Debug|Any CPU
		{542A3E8D-DBF7-9664-1804-EAE94B94288D}.Release|Any CPU.ActiveCfg = Release|Any CPU
		{542A3E8D-DBF7-9664-1804-EAE94B94288D}.Release|Any CPU.Build.0 = Release|Any CPU
		{66E1ABB9-BFEA-51AE-8CEF-3AFCB0528B30}.Debug|Any CPU.ActiveCfg = Debug|Any CPU
		{66E1ABB9-BFEA-51AE-8CEF-3AFCB0528B30}.Debug|Any CPU.Build.0 = Debug|Any CPU
		{66E1ABB9-BFEA-51AE-8CEF-3AFCB0528B30}.Release|Any CPU.ActiveCfg = Release|Any CPU
		{66E1ABB9-BFEA-51AE-8CEF-3AFCB0528B30}.Release|Any CPU.Build.0 = Release|Any CPU
		{765A9B85-AFF6-89BA-60E1-028F8322E24D}.Debug|Any CPU.ActiveCfg = Debug|Any CPU
		{765A9B85-AFF6-89BA-60E1-028F8322E24D}.Debug|Any CPU.Build.0 = Debug|Any CPU
		{765A9B85-AFF6-89BA-60E1-028F8322E24D}.Release|Any CPU.ActiveCfg = Release|Any CPU
		{765A9B85-AFF6-89BA-60E1-028F8322E24D}.Release|Any CPU.Build.0 = Release|Any CPU
		{687194A0-B895-E5BA-5910-0A5D3FB6EC91}.Debug|Any CPU.ActiveCfg = Debug|Any CPU
		{687194A0-B895-E5BA-5910-0A5D3FB6EC91}.Debug|Any CPU.Build.0 = Debug|Any CPU
		{687194A0-B895-E5BA-5910-0A5D3FB6EC91}.Release|Any CPU.ActiveCfg = Release|Any CPU
		{687194A0-B895-E5BA-5910-0A5D3FB6EC91}.Release|Any CPU.Build.0 = Release|Any CPU
		{E54EFE35-AAF6-B9C5-6040-8E01E5FE59C9}.Debug|Any CPU.ActiveCfg = Debug|Any CPU
		{E54EFE35-AAF6-B9C5-6040-8E01E5FE59C9}.Debug|Any CPU.Build.0 = Debug|Any CPU
		{E54EFE35-AAF6-B9C5-6040-8E01E5FE59C9}.Release|Any CPU.ActiveCfg = Release|Any CPU
		{E54EFE35-AAF6-B9C5-6040-8E01E5FE59C9}.Release|Any CPU.Build.0 = Release|Any CPU
		{AD29C8E6-0E3E-9C91-7362-06C5F828113B}.Debug|Any CPU.ActiveCfg = Debug|Any CPU
		{AD29C8E6-0E3E-9C91-7362-06C5F828113B}.Debug|Any CPU.Build.0 = Debug|Any CPU
		{AD29C8E6-0E3E-9C91-7362-06C5F828113B}.Release|Any CPU.ActiveCfg = Release|Any CPU
		{AD29C8E6-0E3E-9C91-7362-06C5F828113B}.Release|Any CPU.Build.0 = Release|Any CPU
		{835A788D-04C0-CC19-2D40-AEBA29DFAC06}.Debug|Any CPU.ActiveCfg = Debug|Any CPU
		{835A788D-04C0-CC19-2D40-AEBA29DFAC06}.Debug|Any CPU.Build.0 = Debug|Any CPU
		{835A788D-04C0-CC19-2D40-AEBA29DFAC06}.Release|Any CPU.ActiveCfg = Release|Any CPU
		{835A788D-04C0-CC19-2D40-AEBA29DFAC06}.Release|Any CPU.Build.0 = Release|Any CPU
		{098AF226-D6B5-370D-791C-42E4D2063519}.Debug|Any CPU.ActiveCfg = Debug|Any CPU
		{098AF226-D6B5-370D-791C-42E4D2063519}.Debug|Any CPU.Build.0 = Debug|Any CPU
		{098AF226-D6B5-370D-791C-42E4D2063519}.Release|Any CPU.ActiveCfg = Release|Any CPU
		{098AF226-D6B5-370D-791C-42E4D2063519}.Release|Any CPU.Build.0 = Release|Any CPU
		{18BE48C1-DB6D-1F4F-5A11-1C9E304D1F44}.Debug|Any CPU.ActiveCfg = Debug|Any CPU
		{18BE48C1-DB6D-1F4F-5A11-1C9E304D1F44}.Debug|Any CPU.Build.0 = Debug|Any CPU
		{18BE48C1-DB6D-1F4F-5A11-1C9E304D1F44}.Release|Any CPU.ActiveCfg = Release|Any CPU
		{18BE48C1-DB6D-1F4F-5A11-1C9E304D1F44}.Release|Any CPU.Build.0 = Release|Any CPU
		{B6420D30-9025-388E-C1AC-28A94F57222E}.Debug|Any CPU.ActiveCfg = Debug|Any CPU
		{B6420D30-9025-388E-C1AC-28A94F57222E}.Debug|Any CPU.Build.0 = Debug|Any CPU
		{B6420D30-9025-388E-C1AC-28A94F57222E}.Release|Any CPU.ActiveCfg = Release|Any CPU
		{B6420D30-9025-388E-C1AC-28A94F57222E}.Release|Any CPU.Build.0 = Release|Any CPU
		{97B4903A-BCCA-229B-372E-CAF3B32AA27B}.Debug|Any CPU.ActiveCfg = Debug|Any CPU
		{97B4903A-BCCA-229B-372E-CAF3B32AA27B}.Debug|Any CPU.Build.0 = Debug|Any CPU
		{97B4903A-BCCA-229B-372E-CAF3B32AA27B}.Release|Any CPU.ActiveCfg = Release|Any CPU
		{97B4903A-BCCA-229B-372E-CAF3B32AA27B}.Release|Any CPU.Build.0 = Release|Any CPU
		{A19CF03A-E5AD-CC4D-6C79-B52837F6ECAD}.Debug|Any CPU.ActiveCfg = Debug|Any CPU
		{A19CF03A-E5AD-CC4D-6C79-B52837F6ECAD}.Debug|Any CPU.Build.0 = Debug|Any CPU
		{A19CF03A-E5AD-CC4D-6C79-B52837F6ECAD}.Release|Any CPU.ActiveCfg = Release|Any CPU
		{A19CF03A-E5AD-CC4D-6C79-B52837F6ECAD}.Release|Any CPU.Build.0 = Release|Any CPU
		{83D23EC3-2791-32DF-2CF1-E6849B143CB9}.Debug|Any CPU.ActiveCfg = Debug|Any CPU
		{83D23EC3-2791-32DF-2CF1-E6849B143CB9}.Debug|Any CPU.Build.0 = Debug|Any CPU
		{83D23EC3-2791-32DF-2CF1-E6849B143CB9}.Release|Any CPU.ActiveCfg = Release|Any CPU
		{83D23EC3-2791-32DF-2CF1-E6849B143CB9}.Release|Any CPU.Build.0 = Release|Any CPU
		{71940C6E-BDDF-A395-E536-7037EF7AC2F0}.Debug|Any CPU.ActiveCfg = Debug|Any CPU
		{71940C6E-BDDF-A395-E536-7037EF7AC2F0}.Debug|Any CPU.Build.0 = Debug|Any CPU
		{71940C6E-BDDF-A395-E536-7037EF7AC2F0}.Release|Any CPU.ActiveCfg = Release|Any CPU
		{71940C6E-BDDF-A395-E536-7037EF7AC2F0}.Release|Any CPU.Build.0 = Release|Any CPU
		{87BDB506-D7D7-52D9-42C0-07D266966AA5}.Debug|Any CPU.ActiveCfg = Debug|Any CPU
		{87BDB506-D7D7-52D9-42C0-07D266966AA5}.Debug|Any CPU.Build.0 = Debug|Any CPU
		{87BDB506-D7D7-52D9-42C0-07D266966AA5}.Release|Any CPU.ActiveCfg = Release|Any CPU
		{87BDB506-D7D7-52D9-42C0-07D266966AA5}.Release|Any CPU.Build.0 = Release|Any CPU
		{68A7790D-68B0-FE41-C364-F4B7AAEF44CA}.Debug|Any CPU.ActiveCfg = Debug|Any CPU
		{68A7790D-68B0-FE41-C364-F4B7AAEF44CA}.Debug|Any CPU.Build.0 = Debug|Any CPU
		{68A7790D-68B0-FE41-C364-F4B7AAEF44CA}.Release|Any CPU.ActiveCfg = Release|Any CPU
		{68A7790D-68B0-FE41-C364-F4B7AAEF44CA}.Release|Any CPU.Build.0 = Release|Any CPU
		{AC641F15-A223-B44F-AC27-5099CC7DADEE}.Debug|Any CPU.ActiveCfg = Debug|Any CPU
		{AC641F15-A223-B44F-AC27-5099CC7DADEE}.Debug|Any CPU.Build.0 = Debug|Any CPU
		{AC641F15-A223-B44F-AC27-5099CC7DADEE}.Release|Any CPU.ActiveCfg = Release|Any CPU
		{AC641F15-A223-B44F-AC27-5099CC7DADEE}.Release|Any CPU.Build.0 = Release|Any CPU
		{27A24F62-3351-B11E-2053-04B52BE4D87A}.Debug|Any CPU.ActiveCfg = Debug|Any CPU
		{27A24F62-3351-B11E-2053-04B52BE4D87A}.Debug|Any CPU.Build.0 = Debug|Any CPU
		{27A24F62-3351-B11E-2053-04B52BE4D87A}.Release|Any CPU.ActiveCfg = Release|Any CPU
		{27A24F62-3351-B11E-2053-04B52BE4D87A}.Release|Any CPU.Build.0 = Release|Any CPU
		{7AC0BFBD-FA58-4D0C-DB9E-AD0747A3DD1D}.Debug|Any CPU.ActiveCfg = Debug|Any CPU
		{7AC0BFBD-FA58-4D0C-DB9E-AD0747A3DD1D}.Debug|Any CPU.Build.0 = Debug|Any CPU
		{7AC0BFBD-FA58-4D0C-DB9E-AD0747A3DD1D}.Release|Any CPU.ActiveCfg = Release|Any CPU
		{7AC0BFBD-FA58-4D0C-DB9E-AD0747A3DD1D}.Release|Any CPU.Build.0 = Release|Any CPU
		{D7BF00BD-B66B-B33F-50CB-472C5EDC7B18}.Debug|Any CPU.ActiveCfg = Debug|Any CPU
		{D7BF00BD-B66B-B33F-50CB-472C5EDC7B18}.Debug|Any CPU.Build.0 = Debug|Any CPU
		{D7BF00BD-B66B-B33F-50CB-472C5EDC7B18}.Release|Any CPU.ActiveCfg = Release|Any CPU
		{D7BF00BD-B66B-B33F-50CB-472C5EDC7B18}.Release|Any CPU.Build.0 = Release|Any CPU
		{A2FA2137-8DE2-BF61-31E1-562F52D7AAFA}.Debug|Any CPU.ActiveCfg = Debug|Any CPU
		{A2FA2137-8DE2-BF61-31E1-562F52D7AAFA}.Debug|Any CPU.Build.0 = Debug|Any CPU
		{A2FA2137-8DE2-BF61-31E1-562F52D7AAFA}.Release|Any CPU.ActiveCfg = Release|Any CPU
		{A2FA2137-8DE2-BF61-31E1-562F52D7AAFA}.Release|Any CPU.Build.0 = Release|Any CPU
		{EB0AE519-00EA-E7C9-3289-5A0932856887}.Debug|Any CPU.ActiveCfg = Debug|Any CPU
		{EB0AE519-00EA-E7C9-3289-5A0932856887}.Debug|Any CPU.Build.0 = Debug|Any CPU
		{EB0AE519-00EA-E7C9-3289-5A0932856887}.Release|Any CPU.ActiveCfg = Release|Any CPU
		{EB0AE519-00EA-E7C9-3289-5A0932856887}.Release|Any CPU.Build.0 = Release|Any CPU
		{6962FCE2-F8D7-AB9B-8A2A-6D524F3F75BA}.Debug|Any CPU.ActiveCfg = Debug|Any CPU
		{6962FCE2-F8D7-AB9B-8A2A-6D524F3F75BA}.Debug|Any CPU.Build.0 = Debug|Any CPU
		{6962FCE2-F8D7-AB9B-8A2A-6D524F3F75BA}.Release|Any CPU.ActiveCfg = Release|Any CPU
		{6962FCE2-F8D7-AB9B-8A2A-6D524F3F75BA}.Release|Any CPU.Build.0 = Release|Any CPU
		{C5A1144E-1531-32FC-E011-31F2E027A293}.Debug|Any CPU.ActiveCfg = Debug|Any CPU
		{C5A1144E-1531-32FC-E011-31F2E027A293}.Debug|Any CPU.Build.0 = Debug|Any CPU
		{C5A1144E-1531-32FC-E011-31F2E027A293}.Release|Any CPU.ActiveCfg = Release|Any CPU
		{C5A1144E-1531-32FC-E011-31F2E027A293}.Release|Any CPU.Build.0 = Release|Any CPU
		{F1E08CB5-439A-429F-F6EB-D621DF5914AB}.Debug|Any CPU.ActiveCfg = Debug|Any CPU
		{F1E08CB5-439A-429F-F6EB-D621DF5914AB}.Debug|Any CPU.Build.0 = Debug|Any CPU
		{F1E08CB5-439A-429F-F6EB-D621DF5914AB}.Release|Any CPU.ActiveCfg = Release|Any CPU
		{F1E08CB5-439A-429F-F6EB-D621DF5914AB}.Release|Any CPU.Build.0 = Release|Any CPU
		{20A9B0AF-34D3-10F9-B7AB-DBB582811F7F}.Debug|Any CPU.ActiveCfg = Debug|Any CPU
		{20A9B0AF-34D3-10F9-B7AB-DBB582811F7F}.Debug|Any CPU.Build.0 = Debug|Any CPU
		{20A9B0AF-34D3-10F9-B7AB-DBB582811F7F}.Release|Any CPU.ActiveCfg = Release|Any CPU
		{20A9B0AF-34D3-10F9-B7AB-DBB582811F7F}.Release|Any CPU.Build.0 = Release|Any CPU
		{DDF60548-BAB6-101F-01DC-116F05FF4959}.Debug|Any CPU.ActiveCfg = Debug|Any CPU
		{DDF60548-BAB6-101F-01DC-116F05FF4959}.Debug|Any CPU.Build.0 = Debug|Any CPU
		{DDF60548-BAB6-101F-01DC-116F05FF4959}.Release|Any CPU.ActiveCfg = Release|Any CPU
		{DDF60548-BAB6-101F-01DC-116F05FF4959}.Release|Any CPU.Build.0 = Release|Any CPU
		{6AEED868-7A7F-B9E9-4CEA-FFE5159D4E30}.Debug|Any CPU.ActiveCfg = Debug|Any CPU
		{6AEED868-7A7F-B9E9-4CEA-FFE5159D4E30}.Debug|Any CPU.Build.0 = Debug|Any CPU
		{6AEED868-7A7F-B9E9-4CEA-FFE5159D4E30}.Release|Any CPU.ActiveCfg = Release|Any CPU
		{6AEED868-7A7F-B9E9-4CEA-FFE5159D4E30}.Release|Any CPU.Build.0 = Release|Any CPU
	EndGlobalSection
	GlobalSection(SolutionProperties) = preSolution
		HideSolutionNode = FALSE
	EndGlobalSection
EndGlobal
